// !$*UTF8*$!
{
	archiveVersion = 1;
	classes = {
	};
	objectVersion = 50;
	objects = {

/* Begin PBXBuildFile section */
		7D0F1CB621E07A2500E26CAE /* BooksViewModel.swift in Sources */ = {isa = PBXBuildFile; fileRef = 7D0F1CB521E07A2500E26CAE /* BooksViewModel.swift */; };
		7D0F1CB921E07A8300E26CAE /* BookModel.swift in Sources */ = {isa = PBXBuildFile; fileRef = 7D0F1CB821E07A8300E26CAE /* BookModel.swift */; };
		7D0F1CBE21E07F1600E26CAE /* BookTableViewCell.swift in Sources */ = {isa = PBXBuildFile; fileRef = 7D0F1CBD21E07F1600E26CAE /* BookTableViewCell.swift */; };
		7D34538121E0414E007B1B3E /* EndPointType.swift in Sources */ = {isa = PBXBuildFile; fileRef = 7D34538021E0414E007B1B3E /* EndPointType.swift */; };
		7D34538321E0425F007B1B3E /* HTTPMethod.swift in Sources */ = {isa = PBXBuildFile; fileRef = 7D34538221E0425F007B1B3E /* HTTPMethod.swift */; };
		7D34538521E04282007B1B3E /* HTTPRequest.swift in Sources */ = {isa = PBXBuildFile; fileRef = 7D34538421E04282007B1B3E /* HTTPRequest.swift */; };
		7D34538921E04442007B1B3E /* ParameterEncoder.swift in Sources */ = {isa = PBXBuildFile; fileRef = 7D34538821E04442007B1B3E /* ParameterEncoder.swift */; };
		7D34538B21E04501007B1B3E /* URLParameterEncoder.swift in Sources */ = {isa = PBXBuildFile; fileRef = 7D34538A21E04501007B1B3E /* URLParameterEncoder.swift */; };
		7D34538D21E0467B007B1B3E /* JSONParameterEncoder.swift in Sources */ = {isa = PBXBuildFile; fileRef = 7D34538C21E0467B007B1B3E /* JSONParameterEncoder.swift */; };
		7D34538F21E0486E007B1B3E /* EndPointRouter.swift in Sources */ = {isa = PBXBuildFile; fileRef = 7D34538E21E0486E007B1B3E /* EndPointRouter.swift */; };
		7D34539321E05389007B1B3E /* BooksApi.swift in Sources */ = {isa = PBXBuildFile; fileRef = 7D34539221E05389007B1B3E /* BooksApi.swift */; };
		7D34539521E058FA007B1B3E /* ServiceManager.swift in Sources */ = {isa = PBXBuildFile; fileRef = 7D34539421E058FA007B1B3E /* ServiceManager.swift */; };
		7D34539721E06646007B1B3E /* BooksResponseDecoder.swift in Sources */ = {isa = PBXBuildFile; fileRef = 7D34539621E06646007B1B3E /* BooksResponseDecoder.swift */; };
		7D34539921E0813E007B1B3E /* URLImageView.swift in Sources */ = {isa = PBXBuildFile; fileRef = 7D34539821E0813E007B1B3E /* URLImageView.swift */; };
		7D34539C21E0A46D007B1B3E /* BooksRepository.swift in Sources */ = {isa = PBXBuildFile; fileRef = 7D34539B21E0A46D007B1B3E /* BooksRepository.swift */; };
		7D34539E21E0A4C7007B1B3E /* Books.db in Resources */ = {isa = PBXBuildFile; fileRef = 7D34539D21E0A4C7007B1B3E /* Books.db */; };
		7D3453A021E0AA9E007B1B3E /* SQLiteDatabase.swift in Sources */ = {isa = PBXBuildFile; fileRef = 7D34539F21E0AA9E007B1B3E /* SQLiteDatabase.swift */; };
		7D3453A221E0DE66007B1B3E /* ViewExtensions.swift in Sources */ = {isa = PBXBuildFile; fileRef = 7D3453A121E0DE66007B1B3E /* ViewExtensions.swift */; };
		7D3453A421E0ED0E007B1B3E /* Binder.swift in Sources */ = {isa = PBXBuildFile; fileRef = 7D3453A321E0ED0E007B1B3E /* Binder.swift */; };
		7D3F104421E1B8CC0033C3E3 /* DeviceExtensions.swift in Sources */ = {isa = PBXBuildFile; fileRef = 7D3F104321E1B8CC0033C3E3 /* DeviceExtensions.swift */; };
		7DD90FDF21DDDE2000A6DB90 /* AppDelegate.swift in Sources */ = {isa = PBXBuildFile; fileRef = 7DD90FDE21DDDE2000A6DB90 /* AppDelegate.swift */; };
		7DD90FE421DDDE2000A6DB90 /* Main.storyboard in Resources */ = {isa = PBXBuildFile; fileRef = 7DD90FE221DDDE2000A6DB90 /* Main.storyboard */; };
		7DD90FE621DDDE2200A6DB90 /* Assets.xcassets in Resources */ = {isa = PBXBuildFile; fileRef = 7DD90FE521DDDE2200A6DB90 /* Assets.xcassets */; };
		7DD90FE921DDDE2200A6DB90 /* LaunchScreen.storyboard in Resources */ = {isa = PBXBuildFile; fileRef = 7DD90FE721DDDE2200A6DB90 /* LaunchScreen.storyboard */; };
		7DD90FF421DDDE2200A6DB90 /* TheBooksTests.swift in Sources */ = {isa = PBXBuildFile; fileRef = 7DD90FF321DDDE2200A6DB90 /* TheBooksTests.swift */; };
		7DD9100421DE03A400A6DB90 /* BooksTableViewController.swift in Sources */ = {isa = PBXBuildFile; fileRef = 7DD9100321DE03A400A6DB90 /* BooksTableViewController.swift */; };
/* End PBXBuildFile section */

/* Begin PBXContainerItemProxy section */
		7DD90FF021DDDE2200A6DB90 /* PBXContainerItemProxy */ = {
			isa = PBXContainerItemProxy;
			containerPortal = 7DD90FD321DDDE2000A6DB90 /* Project object */;
			proxyType = 1;
			remoteGlobalIDString = 7DD90FDA21DDDE2000A6DB90;
			remoteInfo = TheBooks;
		};
/* End PBXContainerItemProxy section */

/* Begin PBXFileReference section */
		7D0F1CB521E07A2500E26CAE /* BooksViewModel.swift */ = {isa = PBXFileReference; lastKnownFileType = sourcecode.swift; path = BooksViewModel.swift; sourceTree = "<group>"; };
		7D0F1CB821E07A8300E26CAE /* BookModel.swift */ = {isa = PBXFileReference; lastKnownFileType = sourcecode.swift; path = BookModel.swift; sourceTree = "<group>"; };
		7D0F1CBD21E07F1600E26CAE /* BookTableViewCell.swift */ = {isa = PBXFileReference; lastKnownFileType = sourcecode.swift; path = BookTableViewCell.swift; sourceTree = "<group>"; };
		7D34538021E0414E007B1B3E /* EndPointType.swift */ = {isa = PBXFileReference; lastKnownFileType = sourcecode.swift; path = EndPointType.swift; sourceTree = "<group>"; };
		7D34538221E0425F007B1B3E /* HTTPMethod.swift */ = {isa = PBXFileReference; lastKnownFileType = sourcecode.swift; path = HTTPMethod.swift; sourceTree = "<group>"; };
		7D34538421E04282007B1B3E /* HTTPRequest.swift */ = {isa = PBXFileReference; lastKnownFileType = sourcecode.swift; path = HTTPRequest.swift; sourceTree = "<group>"; };
		7D34538821E04442007B1B3E /* ParameterEncoder.swift */ = {isa = PBXFileReference; lastKnownFileType = sourcecode.swift; path = ParameterEncoder.swift; sourceTree = "<group>"; };
		7D34538A21E04501007B1B3E /* URLParameterEncoder.swift */ = {isa = PBXFileReference; lastKnownFileType = sourcecode.swift; path = URLParameterEncoder.swift; sourceTree = "<group>"; };
		7D34538C21E0467B007B1B3E /* JSONParameterEncoder.swift */ = {isa = PBXFileReference; lastKnownFileType = sourcecode.swift; path = JSONParameterEncoder.swift; sourceTree = "<group>"; };
		7D34538E21E0486E007B1B3E /* EndPointRouter.swift */ = {isa = PBXFileReference; lastKnownFileType = sourcecode.swift; path = EndPointRouter.swift; sourceTree = "<group>"; };
		7D34539221E05389007B1B3E /* BooksApi.swift */ = {isa = PBXFileReference; lastKnownFileType = sourcecode.swift; path = BooksApi.swift; sourceTree = "<group>"; };
		7D34539421E058FA007B1B3E /* ServiceManager.swift */ = {isa = PBXFileReference; lastKnownFileType = sourcecode.swift; path = ServiceManager.swift; sourceTree = "<group>"; };
		7D34539621E06646007B1B3E /* BooksResponseDecoder.swift */ = {isa = PBXFileReference; lastKnownFileType = sourcecode.swift; path = BooksResponseDecoder.swift; sourceTree = "<group>"; };
		7D34539821E0813E007B1B3E /* URLImageView.swift */ = {isa = PBXFileReference; lastKnownFileType = sourcecode.swift; path = URLImageView.swift; sourceTree = "<group>"; };
		7D34539B21E0A46D007B1B3E /* BooksRepository.swift */ = {isa = PBXFileReference; lastKnownFileType = sourcecode.swift; path = BooksRepository.swift; sourceTree = "<group>"; };
		7D34539D21E0A4C7007B1B3E /* Books.db */ = {isa = PBXFileReference; lastKnownFileType = file; path = Books.db; sourceTree = "<group>"; };
		7D34539F21E0AA9E007B1B3E /* SQLiteDatabase.swift */ = {isa = PBXFileReference; lastKnownFileType = sourcecode.swift; path = SQLiteDatabase.swift; sourceTree = "<group>"; };
		7D3453A121E0DE66007B1B3E /* ViewExtensions.swift */ = {isa = PBXFileReference; lastKnownFileType = sourcecode.swift; path = ViewExtensions.swift; sourceTree = "<group>"; };
		7D3453A321E0ED0E007B1B3E /* Binder.swift */ = {isa = PBXFileReference; lastKnownFileType = sourcecode.swift; path = Binder.swift; sourceTree = "<group>"; };
		7D3F104321E1B8CC0033C3E3 /* DeviceExtensions.swift */ = {isa = PBXFileReference; lastKnownFileType = sourcecode.swift; path = DeviceExtensions.swift; sourceTree = "<group>"; };
		7DD90FDB21DDDE2000A6DB90 /* TheBooks.app */ = {isa = PBXFileReference; explicitFileType = wrapper.application; includeInIndex = 0; path = TheBooks.app; sourceTree = BUILT_PRODUCTS_DIR; };
		7DD90FDE21DDDE2000A6DB90 /* AppDelegate.swift */ = {isa = PBXFileReference; lastKnownFileType = sourcecode.swift; path = AppDelegate.swift; sourceTree = "<group>"; };
		7DD90FE321DDDE2000A6DB90 /* Base */ = {isa = PBXFileReference; lastKnownFileType = file.storyboard; name = Base; path = Base.lproj/Main.storyboard; sourceTree = "<group>"; };
		7DD90FE521DDDE2200A6DB90 /* Assets.xcassets */ = {isa = PBXFileReference; lastKnownFileType = folder.assetcatalog; path = Assets.xcassets; sourceTree = "<group>"; };
		7DD90FE821DDDE2200A6DB90 /* Base */ = {isa = PBXFileReference; lastKnownFileType = file.storyboard; name = Base; path = Base.lproj/LaunchScreen.storyboard; sourceTree = "<group>"; };
		7DD90FEA21DDDE2200A6DB90 /* Info.plist */ = {isa = PBXFileReference; lastKnownFileType = text.plist.xml; path = Info.plist; sourceTree = "<group>"; };
		7DD90FEF21DDDE2200A6DB90 /* TheBooksTests.xctest */ = {isa = PBXFileReference; explicitFileType = wrapper.cfbundle; includeInIndex = 0; path = TheBooksTests.xctest; sourceTree = BUILT_PRODUCTS_DIR; };
		7DD90FF321DDDE2200A6DB90 /* TheBooksTests.swift */ = {isa = PBXFileReference; lastKnownFileType = sourcecode.swift; path = TheBooksTests.swift; sourceTree = "<group>"; };
		7DD90FF521DDDE2200A6DB90 /* Info.plist */ = {isa = PBXFileReference; lastKnownFileType = text.plist.xml; path = Info.plist; sourceTree = "<group>"; };
		7DD9100321DE03A400A6DB90 /* BooksTableViewController.swift */ = {isa = PBXFileReference; lastKnownFileType = sourcecode.swift; path = BooksTableViewController.swift; sourceTree = "<group>"; };
/* End PBXFileReference section */

/* Begin PBXFrameworksBuildPhase section */
		7DD90FD821DDDE2000A6DB90 /* Frameworks */ = {
			isa = PBXFrameworksBuildPhase;
			buildActionMask = 2147483647;
			files = (
			);
			runOnlyForDeploymentPostprocessing = 0;
		};
		7DD90FEC21DDDE2200A6DB90 /* Frameworks */ = {
			isa = PBXFrameworksBuildPhase;
			buildActionMask = 2147483647;
			files = (
			);
			runOnlyForDeploymentPostprocessing = 0;
		};
/* End PBXFrameworksBuildPhase section */

/* Begin PBXGroup section */
		7D0F1CB721E07A5600E26CAE /* Models */ = {
			isa = PBXGroup;
			children = (
				7D0F1CB821E07A8300E26CAE /* BookModel.swift */,
			);
			path = Models;
			sourceTree = "<group>";
		};
		7D0F1CBA21E07B0F00E26CAE /* API */ = {
			isa = PBXGroup;
			children = (
				7D34539221E05389007B1B3E /* BooksApi.swift */,
				7D34539421E058FA007B1B3E /* ServiceManager.swift */,
				7D34539621E06646007B1B3E /* BooksResponseDecoder.swift */,
			);
			path = API;
			sourceTree = "<group>";
		};
		7D34537D21DFA15E007B1B3E /* NetworkUtils */ = {
			isa = PBXGroup;
			children = (
				7D34538621E0432F007B1B3E /* Service */,
				7D34538721E043A6007B1B3E /* Parameters */,
			);
			path = NetworkUtils;
			sourceTree = "<group>";
		};
		7D34538621E0432F007B1B3E /* Service */ = {
			isa = PBXGroup;
			children = (
				7D34538021E0414E007B1B3E /* EndPointType.swift */,
				7D34538221E0425F007B1B3E /* HTTPMethod.swift */,
				7D34538421E04282007B1B3E /* HTTPRequest.swift */,
				7D34538E21E0486E007B1B3E /* EndPointRouter.swift */,
			);
			path = Service;
			sourceTree = "<group>";
		};
		7D34538721E043A6007B1B3E /* Parameters */ = {
			isa = PBXGroup;
			children = (
				7D34538821E04442007B1B3E /* ParameterEncoder.swift */,
				7D34538A21E04501007B1B3E /* URLParameterEncoder.swift */,
				7D34538C21E0467B007B1B3E /* JSONParameterEncoder.swift */,
			);
			path = Parameters;
			sourceTree = "<group>";
		};
		7D34539A21E0A433007B1B3E /* RepositoryUtils */ = {
			isa = PBXGroup;
			children = (
				7D34539B21E0A46D007B1B3E /* BooksRepository.swift */,
				7D34539F21E0AA9E007B1B3E /* SQLiteDatabase.swift */,
			);
			path = RepositoryUtils;
			sourceTree = "<group>";
		};
		7D3F104221E1B8BE0033C3E3 /* Utils */ = {
			isa = PBXGroup;
			children = (
				7D3F104321E1B8CC0033C3E3 /* DeviceExtensions.swift */,
			);
			path = Utils;
			sourceTree = "<group>";
		};
		7DD90FD221DDDE2000A6DB90 = {
			isa = PBXGroup;
			children = (
				7DD90FDD21DDDE2000A6DB90 /* TheBooks */,
				7DD90FF221DDDE2200A6DB90 /* TheBooksTests */,
				7DD90FDC21DDDE2000A6DB90 /* Products */,
			);
			sourceTree = "<group>";
		};
		7DD90FDC21DDDE2000A6DB90 /* Products */ = {
			isa = PBXGroup;
			children = (
				7DD90FDB21DDDE2000A6DB90 /* TheBooks.app */,
				7DD90FEF21DDDE2200A6DB90 /* TheBooksTests.xctest */,
			);
			name = Products;
			sourceTree = "<group>";
		};
		7DD90FDD21DDDE2000A6DB90 /* TheBooks */ = {
			isa = PBXGroup;
			children = (
				7D3F104221E1B8BE0033C3E3 /* Utils */,
				7D34539A21E0A433007B1B3E /* RepositoryUtils */,
				7D34537D21DFA15E007B1B3E /* NetworkUtils */,
				7D0F1CBA21E07B0F00E26CAE /* API */,
				7D0F1CB721E07A5600E26CAE /* Models */,
				7DD9100221DDF56E00A6DB90 /* ViewModels */,
				7DD9100121DDF56600A6DB90 /* Views */,
				7DD90FFF21DDF52E00A6DB90 /* Controllers */,
				7DD9100021DDF53D00A6DB90 /* Resources */,
				7DD90FEA21DDDE2200A6DB90 /* Info.plist */,
				7DD90FFE21DDF50B00A6DB90 /* AppDelegate */,
			);
			path = TheBooks;
			sourceTree = "<group>";
		};
		7DD90FF221DDDE2200A6DB90 /* TheBooksTests */ = {
			isa = PBXGroup;
			children = (
				7DD90FF321DDDE2200A6DB90 /* TheBooksTests.swift */,
				7DD90FF521DDDE2200A6DB90 /* Info.plist */,
			);
			path = TheBooksTests;
			sourceTree = "<group>";
		};
		7DD90FFE21DDF50B00A6DB90 /* AppDelegate */ = {
			isa = PBXGroup;
			children = (
				7DD90FDE21DDDE2000A6DB90 /* AppDelegate.swift */,
			);
			path = AppDelegate;
			sourceTree = "<group>";
		};
		7DD90FFF21DDF52E00A6DB90 /* Controllers */ = {
			isa = PBXGroup;
			children = (
				7DD9100321DE03A400A6DB90 /* BooksTableViewController.swift */,
			);
			path = Controllers;
			sourceTree = "<group>";
		};
		7DD9100021DDF53D00A6DB90 /* Resources */ = {
			isa = PBXGroup;
			children = (
				7D34539D21E0A4C7007B1B3E /* Books.db */,
				7DD90FE221DDDE2000A6DB90 /* Main.storyboard */,
				7DD90FE521DDDE2200A6DB90 /* Assets.xcassets */,
				7DD90FE721DDDE2200A6DB90 /* LaunchScreen.storyboard */,
			);
			path = Resources;
			sourceTree = "<group>";
		};
		7DD9100121DDF56600A6DB90 /* Views */ = {
			isa = PBXGroup;
			children = (
				7D0F1CBD21E07F1600E26CAE /* BookTableViewCell.swift */,
				7D34539821E0813E007B1B3E /* URLImageView.swift */,
				7D3453A121E0DE66007B1B3E /* ViewExtensions.swift */,
			);
			path = Views;
			sourceTree = "<group>";
		};
		7DD9100221DDF56E00A6DB90 /* ViewModels */ = {
			isa = PBXGroup;
			children = (
				7D0F1CB521E07A2500E26CAE /* BooksViewModel.swift */,
				7D3453A321E0ED0E007B1B3E /* Binder.swift */,
			);
			path = ViewModels;
			sourceTree = "<group>";
		};
/* End PBXGroup section */

/* Begin PBXNativeTarget section */
		7DD90FDA21DDDE2000A6DB90 /* TheBooks */ = {
			isa = PBXNativeTarget;
			buildConfigurationList = 7DD90FF821DDDE2200A6DB90 /* Build configuration list for PBXNativeTarget "TheBooks" */;
			buildPhases = (
				7DD90FD721DDDE2000A6DB90 /* Sources */,
				7DD90FD821DDDE2000A6DB90 /* Frameworks */,
				7DD90FD921DDDE2000A6DB90 /* Resources */,
			);
			buildRules = (
			);
			dependencies = (
			);
			name = TheBooks;
			productName = TheBooks;
			productReference = 7DD90FDB21DDDE2000A6DB90 /* TheBooks.app */;
			productType = "com.apple.product-type.application";
		};
		7DD90FEE21DDDE2200A6DB90 /* TheBooksTests */ = {
			isa = PBXNativeTarget;
			buildConfigurationList = 7DD90FFB21DDDE2200A6DB90 /* Build configuration list for PBXNativeTarget "TheBooksTests" */;
			buildPhases = (
				7DD90FEB21DDDE2200A6DB90 /* Sources */,
				7DD90FEC21DDDE2200A6DB90 /* Frameworks */,
				7DD90FED21DDDE2200A6DB90 /* Resources */,
			);
			buildRules = (
			);
			dependencies = (
				7DD90FF121DDDE2200A6DB90 /* PBXTargetDependency */,
			);
			name = TheBooksTests;
			productName = TheBooksTests;
			productReference = 7DD90FEF21DDDE2200A6DB90 /* TheBooksTests.xctest */;
			productType = "com.apple.product-type.bundle.unit-test";
		};
/* End PBXNativeTarget section */

/* Begin PBXProject section */
		7DD90FD321DDDE2000A6DB90 /* Project object */ = {
			isa = PBXProject;
			attributes = {
				LastSwiftUpdateCheck = 0930;
				LastUpgradeCheck = 0930;
				ORGANIZATIONNAME = "Sujil Chandrasekharan";
				TargetAttributes = {
					7DD90FDA21DDDE2000A6DB90 = {
						CreatedOnToolsVersion = 9.3.1;
					};
					7DD90FEE21DDDE2200A6DB90 = {
						CreatedOnToolsVersion = 9.3.1;
						TestTargetID = 7DD90FDA21DDDE2000A6DB90;
					};
				};
			};
			buildConfigurationList = 7DD90FD621DDDE2000A6DB90 /* Build configuration list for PBXProject "TheBooks" */;
			compatibilityVersion = "Xcode 9.3";
			developmentRegion = en;
			hasScannedForEncodings = 0;
			knownRegions = (
				en,
				Base,
			);
			mainGroup = 7DD90FD221DDDE2000A6DB90;
			productRefGroup = 7DD90FDC21DDDE2000A6DB90 /* Products */;
			projectDirPath = "";
			projectRoot = "";
			targets = (
				7DD90FDA21DDDE2000A6DB90 /* TheBooks */,
				7DD90FEE21DDDE2200A6DB90 /* TheBooksTests */,
			);
		};
/* End PBXProject section */

/* Begin PBXResourcesBuildPhase section */
		7DD90FD921DDDE2000A6DB90 /* Resources */ = {
			isa = PBXResourcesBuildPhase;
			buildActionMask = 2147483647;
			files = (
				7DD90FE921DDDE2200A6DB90 /* LaunchScreen.storyboard in Resources */,
				7DD90FE621DDDE2200A6DB90 /* Assets.xcassets in Resources */,
				7D34539E21E0A4C7007B1B3E /* Books.db in Resources */,
				7DD90FE421DDDE2000A6DB90 /* Main.storyboard in Resources */,
			);
			runOnlyForDeploymentPostprocessing = 0;
		};
		7DD90FED21DDDE2200A6DB90 /* Resources */ = {
			isa = PBXResourcesBuildPhase;
			buildActionMask = 2147483647;
			files = (
			);
			runOnlyForDeploymentPostprocessing = 0;
		};
/* End PBXResourcesBuildPhase section */

/* Begin PBXSourcesBuildPhase section */
		7DD90FD721DDDE2000A6DB90 /* Sources */ = {
			isa = PBXSourcesBuildPhase;
			buildActionMask = 2147483647;
			files = (
				7D34539721E06646007B1B3E /* BooksResponseDecoder.swift in Sources */,
				7D34538121E0414E007B1B3E /* EndPointType.swift in Sources */,
				7D34539C21E0A46D007B1B3E /* BooksRepository.swift in Sources */,
				7D3F104421E1B8CC0033C3E3 /* DeviceExtensions.swift in Sources */,
				7D0F1CB921E07A8300E26CAE /* BookModel.swift in Sources */,
				7DD90FDF21DDDE2000A6DB90 /* AppDelegate.swift in Sources */,
				7D34539321E05389007B1B3E /* BooksApi.swift in Sources */,
				7D0F1CBE21E07F1600E26CAE /* BookTableViewCell.swift in Sources */,
				7D34539521E058FA007B1B3E /* ServiceManager.swift in Sources */,
				7D3453A021E0AA9E007B1B3E /* SQLiteDatabase.swift in Sources */,
				7D3453A421E0ED0E007B1B3E /* Binder.swift in Sources */,
				7D34538B21E04501007B1B3E /* URLParameterEncoder.swift in Sources */,
				7D34538321E0425F007B1B3E /* HTTPMethod.swift in Sources */,
				7D3453A221E0DE66007B1B3E /* ViewExtensions.swift in Sources */,
				7DD9100421DE03A400A6DB90 /* BooksTableViewController.swift in Sources */,
				7D34538521E04282007B1B3E /* HTTPRequest.swift in Sources */,
				7D34538D21E0467B007B1B3E /* JSONParameterEncoder.swift in Sources */,
				7D0F1CB621E07A2500E26CAE /* BooksViewModel.swift in Sources */,
				7D34538921E04442007B1B3E /* ParameterEncoder.swift in Sources */,
				7D34539921E0813E007B1B3E /* URLImageView.swift in Sources */,
				7D34538F21E0486E007B1B3E /* EndPointRouter.swift in Sources */,
			);
			runOnlyForDeploymentPostprocessing = 0;
		};
		7DD90FEB21DDDE2200A6DB90 /* Sources */ = {
			isa = PBXSourcesBuildPhase;
			buildActionMask = 2147483647;
			files = (
				7DD90FF421DDDE2200A6DB90 /* TheBooksTests.swift in Sources */,
			);
			runOnlyForDeploymentPostprocessing = 0;
		};
/* End PBXSourcesBuildPhase section */

/* Begin PBXTargetDependency section */
		7DD90FF121DDDE2200A6DB90 /* PBXTargetDependency */ = {
			isa = PBXTargetDependency;
			target = 7DD90FDA21DDDE2000A6DB90 /* TheBooks */;
			targetProxy = 7DD90FF021DDDE2200A6DB90 /* PBXContainerItemProxy */;
		};
/* End PBXTargetDependency section */

/* Begin PBXVariantGroup section */
		7DD90FE221DDDE2000A6DB90 /* Main.storyboard */ = {
			isa = PBXVariantGroup;
			children = (
				7DD90FE321DDDE2000A6DB90 /* Base */,
			);
			name = Main.storyboard;
			sourceTree = "<group>";
		};
		7DD90FE721DDDE2200A6DB90 /* LaunchScreen.storyboard */ = {
			isa = PBXVariantGroup;
			children = (
				7DD90FE821DDDE2200A6DB90 /* Base */,
			);
			name = LaunchScreen.storyboard;
			sourceTree = "<group>";
		};
/* End PBXVariantGroup section */

/* Begin XCBuildConfiguration section */
		7DD90FF621DDDE2200A6DB90 /* Debug */ = {
			isa = XCBuildConfiguration;
			buildSettings = {
				ALWAYS_SEARCH_USER_PATHS = NO;
				CLANG_ANALYZER_NONNULL = YES;
				CLANG_ANALYZER_NUMBER_OBJECT_CONVERSION = YES_AGGRESSIVE;
				CLANG_CXX_LANGUAGE_STANDARD = "gnu++14";
				CLANG_CXX_LIBRARY = "libc++";
				CLANG_ENABLE_MODULES = YES;
				CLANG_ENABLE_OBJC_ARC = YES;
				CLANG_ENABLE_OBJC_WEAK = YES;
				CLANG_WARN_BLOCK_CAPTURE_AUTORELEASING = YES;
				CLANG_WARN_BOOL_CONVERSION = YES;
				CLANG_WARN_COMMA = YES;
				CLANG_WARN_CONSTANT_CONVERSION = YES;
				CLANG_WARN_DEPRECATED_OBJC_IMPLEMENTATIONS = YES;
				CLANG_WARN_DIRECT_OBJC_ISA_USAGE = YES_ERROR;
				CLANG_WARN_DOCUMENTATION_COMMENTS = YES;
				CLANG_WARN_EMPTY_BODY = YES;
				CLANG_WARN_ENUM_CONVERSION = YES;
				CLANG_WARN_INFINITE_RECURSION = YES;
				CLANG_WARN_INT_CONVERSION = YES;
				CLANG_WARN_NON_LITERAL_NULL_CONVERSION = YES;
				CLANG_WARN_OBJC_IMPLICIT_RETAIN_SELF = YES;
				CLANG_WARN_OBJC_LITERAL_CONVERSION = YES;
				CLANG_WARN_OBJC_ROOT_CLASS = YES_ERROR;
				CLANG_WARN_RANGE_LOOP_ANALYSIS = YES;
				CLANG_WARN_STRICT_PROTOTYPES = YES;
				CLANG_WARN_SUSPICIOUS_MOVE = YES;
				CLANG_WARN_UNGUARDED_AVAILABILITY = YES_AGGRESSIVE;
				CLANG_WARN_UNREACHABLE_CODE = YES;
				CLANG_WARN__DUPLICATE_METHOD_MATCH = YES;
				CODE_SIGN_IDENTITY = "iPhone Developer";
				COPY_PHASE_STRIP = NO;
				DEBUG_INFORMATION_FORMAT = dwarf;
				ENABLE_STRICT_OBJC_MSGSEND = YES;
				ENABLE_TESTABILITY = YES;
				GCC_C_LANGUAGE_STANDARD = gnu11;
				GCC_DYNAMIC_NO_PIC = NO;
				GCC_NO_COMMON_BLOCKS = YES;
				GCC_OPTIMIZATION_LEVEL = 0;
				GCC_PREPROCESSOR_DEFINITIONS = (
					"DEBUG=1",
					"$(inherited)",
				);
				GCC_WARN_64_TO_32_BIT_CONVERSION = YES;
				GCC_WARN_ABOUT_RETURN_TYPE = YES_ERROR;
				GCC_WARN_UNDECLARED_SELECTOR = YES;
				GCC_WARN_UNINITIALIZED_AUTOS = YES_AGGRESSIVE;
				GCC_WARN_UNUSED_FUNCTION = YES;
				GCC_WARN_UNUSED_VARIABLE = YES;
				IPHONEOS_DEPLOYMENT_TARGET = 11.3;
				MTL_ENABLE_DEBUG_INFO = YES;
				ONLY_ACTIVE_ARCH = YES;
				SDKROOT = iphoneos;
				SWIFT_ACTIVE_COMPILATION_CONDITIONS = DEBUG;
				SWIFT_OPTIMIZATION_LEVEL = "-Onone";
			};
			name = Debug;
		};
		7DD90FF721DDDE2200A6DB90 /* Release */ = {
			isa = XCBuildConfiguration;
			buildSettings = {
				ALWAYS_SEARCH_USER_PATHS = NO;
				CLANG_ANALYZER_NONNULL = YES;
				CLANG_ANALYZER_NUMBER_OBJECT_CONVERSION = YES_AGGRESSIVE;
				CLANG_CXX_LANGUAGE_STANDARD = "gnu++14";
				CLANG_CXX_LIBRARY = "libc++";
				CLANG_ENABLE_MODULES = YES;
				CLANG_ENABLE_OBJC_ARC = YES;
				CLANG_ENABLE_OBJC_WEAK = YES;
				CLANG_WARN_BLOCK_CAPTURE_AUTORELEASING = YES;
				CLANG_WARN_BOOL_CONVERSION = YES;
				CLANG_WARN_COMMA = YES;
				CLANG_WARN_CONSTANT_CONVERSION = YES;
				CLANG_WARN_DEPRECATED_OBJC_IMPLEMENTATIONS = YES;
				CLANG_WARN_DIRECT_OBJC_ISA_USAGE = YES_ERROR;
				CLANG_WARN_DOCUMENTATION_COMMENTS = YES;
				CLANG_WARN_EMPTY_BODY = YES;
				CLANG_WARN_ENUM_CONVERSION = YES;
				CLANG_WARN_INFINITE_RECURSION = YES;
				CLANG_WARN_INT_CONVERSION = YES;
				CLANG_WARN_NON_LITERAL_NULL_CONVERSION = YES;
				CLANG_WARN_OBJC_IMPLICIT_RETAIN_SELF = YES;
				CLANG_WARN_OBJC_LITERAL_CONVERSION = YES;
				CLANG_WARN_OBJC_ROOT_CLASS = YES_ERROR;
				CLANG_WARN_RANGE_LOOP_ANALYSIS = YES;
				CLANG_WARN_STRICT_PROTOTYPES = YES;
				CLANG_WARN_SUSPICIOUS_MOVE = YES;
				CLANG_WARN_UNGUARDED_AVAILABILITY = YES_AGGRESSIVE;
				CLANG_WARN_UNREACHABLE_CODE = YES;
				CLANG_WARN__DUPLICATE_METHOD_MATCH = YES;
				CODE_SIGN_IDENTITY = "iPhone Developer";
				COPY_PHASE_STRIP = NO;
				DEBUG_INFORMATION_FORMAT = "dwarf-with-dsym";
				ENABLE_NS_ASSERTIONS = NO;
				ENABLE_STRICT_OBJC_MSGSEND = YES;
				GCC_C_LANGUAGE_STANDARD = gnu11;
				GCC_NO_COMMON_BLOCKS = YES;
				GCC_WARN_64_TO_32_BIT_CONVERSION = YES;
				GCC_WARN_ABOUT_RETURN_TYPE = YES_ERROR;
				GCC_WARN_UNDECLARED_SELECTOR = YES;
				GCC_WARN_UNINITIALIZED_AUTOS = YES_AGGRESSIVE;
				GCC_WARN_UNUSED_FUNCTION = YES;
				GCC_WARN_UNUSED_VARIABLE = YES;
				IPHONEOS_DEPLOYMENT_TARGET = 11.3;
				MTL_ENABLE_DEBUG_INFO = NO;
				SDKROOT = iphoneos;
				SWIFT_COMPILATION_MODE = wholemodule;
				SWIFT_OPTIMIZATION_LEVEL = "-O";
				VALIDATE_PRODUCT = YES;
			};
			name = Release;
		};
		7DD90FF921DDDE2200A6DB90 /* Debug */ = {
			isa = XCBuildConfiguration;
			buildSettings = {
				ASSETCATALOG_COMPILER_APPICON_NAME = AppIcon;
				CODE_SIGN_STYLE = Automatic;
				DEVELOPMENT_TEAM = 9PXB85WN57;
				INFOPLIST_FILE = TheBooks/Info.plist;
				IPHONEOS_DEPLOYMENT_TARGET = 11.0;
				LD_RUNPATH_SEARCH_PATHS = (
					"$(inherited)",
					"@executable_path/Frameworks",
				);
				PRODUCT_BUNDLE_IDENTIFIER = com.personal.TheBook;
				PRODUCT_NAME = "$(TARGET_NAME)";
				SWIFT_VERSION = 4.0;
				TARGETED_DEVICE_FAMILY = "1,2";
			};
			name = Debug;
		};
		7DD90FFA21DDDE2200A6DB90 /* Release */ = {
			isa = XCBuildConfiguration;
			buildSettings = {
				ASSETCATALOG_COMPILER_APPICON_NAME = AppIcon;
				CODE_SIGN_STYLE = Automatic;
				DEVELOPMENT_TEAM = 9PXB85WN57;
				INFOPLIST_FILE = TheBooks/Info.plist;
				IPHONEOS_DEPLOYMENT_TARGET = 11.0;
				LD_RUNPATH_SEARCH_PATHS = (
					"$(inherited)",
					"@executable_path/Frameworks",
				);
				PRODUCT_BUNDLE_IDENTIFIER = com.personal.TheBook;
				PRODUCT_NAME = "$(TARGET_NAME)";
				SWIFT_VERSION = 4.0;
				TARGETED_DEVICE_FAMILY = "1,2";
			};
			name = Release;
		};
		7DD90FFC21DDDE2200A6DB90 /* Debug */ = {
			isa = XCBuildConfiguration;
			buildSettings = {
				ALWAYS_EMBED_SWIFT_STANDARD_LIBRARIES = YES;
				BUNDLE_LOADER = "$(TEST_HOST)";
				CODE_SIGN_STYLE = Automatic;
				DEVELOPMENT_TEAM = 9PXB85WN57;
				INFOPLIST_FILE = TheBooksTests/Info.plist;
				LD_RUNPATH_SEARCH_PATHS = (
					"$(inherited)",
					"@executable_path/Frameworks",
					"@loader_path/Frameworks",
				);
				PRODUCT_BUNDLE_IDENTIFIER = com.personal.TheBooksTests;
				PRODUCT_NAME = "$(TARGET_NAME)";
				SWIFT_VERSION = 4.0;
				TARGETED_DEVICE_FAMILY = "1,2";
				TEST_HOST = "$(BUILT_PRODUCTS_DIR)/TheBooks.app/TheBooks";
			};
			name = Debug;
		};
		7DD90FFD21DDDE2200A6DB90 /* Release */ = {
			isa = XCBuildConfiguration;
			buildSettings = {
				ALWAYS_EMBED_SWIFT_STANDARD_LIBRARIES = YES;
				BUNDLE_LOADER = "$(TEST_HOST)";
				CODE_SIGN_STYLE = Automatic;
				DEVELOPMENT_TEAM = 9PXB85WN57;
				INFOPLIST_FILE = TheBooksTests/Info.plist;
				LD_RUNPATH_SEARCH_PATHS = (
					"$(inherited)",
					"@executable_path/Frameworks",
					"@loader_path/Frameworks",
				);
				PRODUCT_BUNDLE_IDENTIFIER = com.personal.TheBooksTests;
				PRODUCT_NAME = "$(TARGET_NAME)";
				SWIFT_VERSION = 4.0;
				TARGETED_DEVICE_FAMILY = "1,2";
				TEST_HOST = "$(BUILT_PRODUCTS_DIR)/TheBooks.app/TheBooks";
			};
			name = Release;
		};
/* End XCBuildConfiguration section */

/* Begin XCConfigurationList section */
		7DD90FD621DDDE2000A6DB90 /* Build configuration list for PBXProject "TheBooks" */ = {
			isa = XCConfigurationList;
			buildConfigurations = (
				7DD90FF621DDDE2200A6DB90 /* Debug */,
				7DD90FF721DDDE2200A6DB90 /* Release */,
			);
			defaultConfigurationIsVisible = 0;
			defaultConfigurationName = Release;
		};
		7DD90FF821DDDE2200A6DB90 /* Build configuration list for PBXNativeTarget "TheBooks" */ = {
			isa = XCConfigurationList;
			buildConfigurations = (
				7DD90FF921DDDE2200A6DB90 /* Debug */,
				7DD90FFA21DDDE2200A6DB90 /* Release */,
			);
			defaultConfigurationIsVisible = 0;
			defaultConfigurationName = Release;
		};
		7DD90FFB21DDDE2200A6DB90 /* Build configuration list for PBXNativeTarget "TheBooksTests" */ = {
			isa = XCConfigurationList;
			buildConfigurations = (
				7DD90FFC21DDDE2200A6DB90 /* Debug */,
				7DD90FFD21DDDE2200A6DB90 /* Release */,
			);
			defaultConfigurationIsVisible = 0;
			defaultConfigurationName = Release;
		};
/* End XCConfigurationList section */
	};
	rootObject = 7DD90FD321DDDE2000A6DB90 /* Project object */;
}
